
Microsoft Visual Studio Solution File, Format Version 12.00
# Visual Studio Version 17
VisualStudioVersion = 17.9.34701.34
MinimumVisualStudioVersion = 10.0.40219.1
Project("{FAE04EC0-301F-11D3-BF4B-00C04F79EFBC}") = "API_Pessoa", "API_Pessoa.csproj", "{550BBC60-33A8-4ADB-ABB9-5868A053D04C}"
EndProject
Project("{FAE04EC0-301F-11D3-BF4B-00C04F79EFBC}") = "APIPessoa.Data", "..\APIPessoa.Data\APIPessoa.Data.csproj", "{C5ACE23A-E3E3-4918-A910-9CE8C8D689DB}"
EndProject
Project("{FAE04EC0-301F-11D3-BF4B-00C04F79EFBC}") = "APIPessoa.Business", "..\APIPessoa.Business\APIPessoa.Business.csproj", "{DFD449C8-D141-4980-9318-9ED35A5D59F4}"
EndProject
Global
	GlobalSection(SolutionConfigurationPlatforms) = preSolution
		Debug|Any CPU = Debug|Any CPU
		Release|Any CPU = Release|Any CPU
	EndGlobalSection
	GlobalSection(ProjectConfigurationPlatforms) = postSolution
		{550BBC60-33A8-4ADB-ABB9-5868A053D04C}.Debug|Any CPU.ActiveCfg = Debug|Any CPU
		{550BBC60-33A8-4ADB-ABB9-5868A053D04C}.Debug|Any CPU.Build.0 = Debug|Any CPU
		{550BBC60-33A8-4ADB-ABB9-5868A053D04C}.Release|Any CPU.ActiveCfg = Release|Any CPU
		{550BBC60-33A8-4ADB-ABB9-5868A053D04C}.Release|Any CPU.Build.0 = Release|Any CPU
		{C5ACE23A-E3E3-4918-A910-9CE8C8D689DB}.Debug|Any CPU.ActiveCfg = Debug|Any CPU
		{C5ACE23A-E3E3-4918-A910-9CE8C8D689DB}.Debug|Any CPU.Build.0 = Debug|Any CPU
		{C5ACE23A-E3E3-4918-A910-9CE8C8D689DB}.Release|Any CPU.ActiveCfg = Release|Any CPU
		{C5ACE23A-E3E3-4918-A910-9CE8C8D689DB}.Release|Any CPU.Build.0 = Release|Any CPU
		{DFD449C8-D141-4980-9318-9ED35A5D59F4}.Debug|Any CPU.ActiveCfg = Debug|Any CPU
		{DFD449C8-D141-4980-9318-9ED35A5D59F4}.Debug|Any CPU.Build.0 = Debug|Any CPU
		{DFD449C8-D141-4980-9318-9ED35A5D59F4}.Release|Any CPU.ActiveCfg = Release|Any CPU
		{DFD449C8-D141-4980-9318-9ED35A5D59F4}.Release|Any CPU.Build.0 = Release|Any CPU
	EndGlobalSection
	GlobalSection(SolutionProperties) = preSolution
		HideSolutionNode = FALSE
	EndGlobalSection
	GlobalSection(ExtensibilityGlobals) = postSolution
		SolutionGuid = {F9E9BE87-FF2C-4F4F-96A4-DD0C14DF4482}
	EndGlobalSection
EndGlobal
