
Microsoft Visual Studio Solution File, Format Version 12.00
# Visual Studio Version 17
VisualStudioVersion = 17.9.34701.34
MinimumVisualStudioVersion = 10.0.40219.1
Project("{FAE04EC0-301F-11D3-BF4B-00C04F79EFBC}") = "APIPessoa", "APIPessoa.csproj", "{A699EB1A-8002-4475-997C-2058824EDF4A}"
EndProject
Global
	GlobalSection(SolutionConfigurationPlatforms) = preSolution
		Debug|Any CPU = Debug|Any CPU
		Release|Any CPU = Release|Any CPU
	EndGlobalSection
	GlobalSection(ProjectConfigurationPlatforms) = postSolution
		{A699EB1A-8002-4475-997C-2058824EDF4A}.Debug|Any CPU.ActiveCfg = Debug|Any CPU
		{A699EB1A-8002-4475-997C-2058824EDF4A}.Debug|Any CPU.Build.0 = Debug|Any CPU
		{A699EB1A-8002-4475-997C-2058824EDF4A}.Release|Any CPU.ActiveCfg = Release|Any CPU
		{A699EB1A-8002-4475-997C-2058824EDF4A}.Release|Any CPU.Build.0 = Release|Any CPU
	EndGlobalSection
	GlobalSection(SolutionProperties) = preSolution
		HideSolutionNode = FALSE
	EndGlobalSection
	GlobalSection(ExtensibilityGlobals) = postSolution
		SolutionGuid = {B7C6540A-CFAA-402D-A2C7-CD4D23275654}
	EndGlobalSection
EndGlobal
